
Microsoft Visual Studio Solution File, Format Version 12.00
# Visual Studio Version 16
VisualStudioVersion = 16.0.32106.194
MinimumVisualStudioVersion = 10.0.40219.1
Project("{FAE04EC0-301F-11D3-BF4B-00C04F79EFBC}") = "NMovies", "NMovies\NMovies.csproj", "{B31AFB17-9F66-4F7E-81C9-3B157E95BB6E}"
EndProject
Global
	GlobalSection(SolutionConfigurationPlatforms) = preSolution
		Debug|Any CPU = Debug|Any CPU
		Release|Any CPU = Release|Any CPU
	EndGlobalSection
	GlobalSection(ProjectConfigurationPlatforms) = postSolution
		{B31AFB17-9F66-4F7E-81C9-3B157E95BB6E}.Debug|Any CPU.ActiveCfg = Debug|Any CPU
		{B31AFB17-9F66-4F7E-81C9-3B157E95BB6E}.Debug|Any CPU.Build.0 = Debug|Any CPU
		{B31AFB17-9F66-4F7E-81C9-3B157E95BB6E}.Release|Any CPU.ActiveCfg = Release|Any CPU
		{B31AFB17-9F66-4F7E-81C9-3B157E95BB6E}.Release|Any CPU.Build.0 = Release|Any CPU
	EndGlobalSection
	GlobalSection(SolutionProperties) = preSolution
		HideSolutionNode = FALSE
	EndGlobalSection
	GlobalSection(ExtensibilityGlobals) = postSolution
		SolutionGuid = {380D7241-B788-4B66-A5B1-2D95EB467470}
	EndGlobalSection
EndGlobal
